
Microsoft Visual Studio Solution File, Format Version 12.00
# Visual Studio Version 16
VisualStudioVersion = 16.0.30011.22
MinimumVisualStudioVersion = 10.0.40219.1
Project("{9A19103F-16F7-4668-BE54-9A1E7A4F7556}") = "DynamicPermission.AspNetCore", "src\DynamicPermission.AspNetCore\DynamicPermission.AspNetCore.csproj", "{44C9C221-F6FD-4DF9-8A2A-9E65DCCD2496}"
EndProject
Project("{FAE04EC0-301F-11D3-BF4B-00C04F79EFBC}") = "DynamicPermission.Mvc5", "src\DynamicPermission.Mvc5\DynamicPermission.Mvc5.csproj", "{B859D2DE-7D4F-4E24-BCE6-AFB278B2EF85}"
EndProject
Global
	GlobalSection(SolutionConfigurationPlatforms) = preSolution
		Debug|Any CPU = Debug|Any CPU
		Release|Any CPU = Release|Any CPU
	EndGlobalSection
	GlobalSection(ProjectConfigurationPlatforms) = postSolution
		{44C9C221-F6FD-4DF9-8A2A-9E65DCCD2496}.Debug|Any CPU.ActiveCfg = Debug|Any CPU
		{44C9C221-F6FD-4DF9-8A2A-9E65DCCD2496}.Debug|Any CPU.Build.0 = Debug|Any CPU
		{44C9C221-F6FD-4DF9-8A2A-9E65DCCD2496}.Release|Any CPU.ActiveCfg = Release|Any CPU
		{44C9C221-F6FD-4DF9-8A2A-9E65DCCD2496}.Release|Any CPU.Build.0 = Release|Any CPU
		{B859D2DE-7D4F-4E24-BCE6-AFB278B2EF85}.Debug|Any CPU.ActiveCfg = Debug|Any CPU
		{B859D2DE-7D4F-4E24-BCE6-AFB278B2EF85}.Debug|Any CPU.Build.0 = Debug|Any CPU
		{B859D2DE-7D4F-4E24-BCE6-AFB278B2EF85}.Release|Any CPU.ActiveCfg = Release|Any CPU
		{B859D2DE-7D4F-4E24-BCE6-AFB278B2EF85}.Release|Any CPU.Build.0 = Release|Any CPU
	EndGlobalSection
	GlobalSection(SolutionProperties) = preSolution
		HideSolutionNode = FALSE
	EndGlobalSection
	GlobalSection(ExtensibilityGlobals) = postSolution
		SolutionGuid = {8A9C26CC-73C9-4D6B-BFDB-DA6D5923E226}
	EndGlobalSection
EndGlobal
